
Microsoft Visual Studio Solution File, Format Version 12.00
# Visual Studio Version 17
VisualStudioVersion = 17.0.31903.59
MinimumVisualStudioVersion = 10.0.40219.1
Project("{FAE04EC0-301F-11D3-BF4B-00C04F79EFBC}") = "App", "App\App.csproj", "{36C562F2-E965-4496-95A1-7853E85AABD5}"
EndProject
Project("{FAE04EC0-301F-11D3-BF4B-00C04F79EFBC}") = "App-0.6.x", "App-0.6.x\App.csproj", "{21DD9008-2746-4361-AC19-FA565CCB51E3}"
EndProject
Project("{FAE04EC0-301F-11D3-BF4B-00C04F79EFBC}") = "App.Lib", "App.Lib\App.Lib.csproj", "{6D06D42B-5E9F-440D-8055-0D8EBA32ABBF}"
EndProject
Global
	GlobalSection(SolutionConfigurationPlatforms) = preSolution
		Debug|Any CPU = Debug|Any CPU
		Release|Any CPU = Release|Any CPU
	EndGlobalSection
	GlobalSection(SolutionProperties) = preSolution
		HideSolutionNode = FALSE
	EndGlobalSection
	GlobalSection(ProjectConfigurationPlatforms) = postSolution
		{36C562F2-E965-4496-95A1-7853E85AABD5}.Debug|Any CPU.ActiveCfg = Debug|Any CPU
		{36C562F2-E965-4496-95A1-7853E85AABD5}.Debug|Any CPU.Build.0 = Debug|Any CPU
		{36C562F2-E965-4496-95A1-7853E85AABD5}.Release|Any CPU.ActiveCfg = Release|Any CPU
		{36C562F2-E965-4496-95A1-7853E85AABD5}.Release|Any CPU.Build.0 = Release|Any CPU
		{21DD9008-2746-4361-AC19-FA565CCB51E3}.Debug|Any CPU.ActiveCfg = Debug|Any CPU
		{21DD9008-2746-4361-AC19-FA565CCB51E3}.Debug|Any CPU.Build.0 = Debug|Any CPU
		{21DD9008-2746-4361-AC19-FA565CCB51E3}.Release|Any CPU.ActiveCfg = Release|Any CPU
		{21DD9008-2746-4361-AC19-FA565CCB51E3}.Release|Any CPU.Build.0 = Release|Any CPU
		{6D06D42B-5E9F-440D-8055-0D8EBA32ABBF}.Debug|Any CPU.ActiveCfg = Debug|Any CPU
		{6D06D42B-5E9F-440D-8055-0D8EBA32ABBF}.Debug|Any CPU.Build.0 = Debug|Any CPU
		{6D06D42B-5E9F-440D-8055-0D8EBA32ABBF}.Release|Any CPU.ActiveCfg = Release|Any CPU
		{6D06D42B-5E9F-440D-8055-0D8EBA32ABBF}.Release|Any CPU.Build.0 = Release|Any CPU
	EndGlobalSection
EndGlobal
